hash: c2f874fb867af55066debac844e1d4fed3b804e97c75312a26c3e734f0a19b7c
updated: 2017-04-24T16:42:42.520203+02:00
imports:
- name: github.com/gorilla/context
  version: 08b5f424b9271eedf6f9f0ce86cb9396ed337a42
- name: github.com/gorilla/mux
  version: 0eeaf8392f5b04950925b8a69fe70f110fa7cbfc
- name: github.com/Sirupsen/logrus
  version: ba1b36c82c5e05c4f912a88eab0dcd91a171688f
- name: github.com/streadway/amqp
  version: afe8eee29a74d213b1f3fb2586058157c397da60
- name: munisense.com/services/utils
  version: 5a5cf110af4f216eca78461df37eb748b4c83bdf
  repo: https://git.munisense.net/munisense/services/utils-go.git
  vcs: git
testImports: []
